
Microsoft Visual Studio Solution File, Format Version 12.00
# Visual Studio 14
VisualStudioVersion = 14.0.25123.0
MinimumVisualStudioVersion = 10.0.40219.1
Project("{FAE04EC0-301F-11D3-BF4B-00C04F79EFBC}") = "CertiPay.Taxes.State", "CertiPay.Taxes.State\CertiPay.Taxes.State.csproj", "{00F9D4B6-F39C-4C83-BAF6-FB9730524416}"
EndProject
Project("{2150E333-8FDC-42A3-9474-1A3956D46DE8}") = ".nuget", ".nuget", "{3B0ED9CE-71BB-4703-AE5B-719D8D52540B}"
	ProjectSection(SolutionItems) = preProject
		.nuget\NuGet.Config = .nuget\NuGet.Config
		.nuget\NuGet.exe = .nuget\NuGet.exe
		.nuget\NuGet.targets = .nuget\NuGet.targets
	EndProjectSection
EndProject
Project("{2150E333-8FDC-42A3-9474-1A3956D46DE8}") = "Build", "Build", "{DE30F86C-A1E4-4961-9090-FD7465F8C1B0}"
	ProjectSection(SolutionItems) = preProject
		appveyor.yml = appveyor.yml
		.build\Bootstrap.ps1 = .build\Bootstrap.ps1
		Build.bat = Build.bat
		CertiPay.Taxes.State\CertiPay.Taxes.State.nuspec = CertiPay.Taxes.State\CertiPay.Taxes.State.nuspec
		.build\Common.psm1 = .build\Common.psm1
		.build\default.ps1 = .build\default.ps1
		LICENSE.md = LICENSE.md
		README.md = README.md
	EndProjectSection
EndProject
Project("{FAE04EC0-301F-11D3-BF4B-00C04F79EFBC}") = "CertiPay.Taxes.State.Tests", "CertiPay.Taxes.State.Tests\CertiPay.Taxes.State.Tests.csproj", "{8B8161BD-B865-46B0-9018-E0F868A28402}"
EndProject
Global
	GlobalSection(SolutionConfigurationPlatforms) = preSolution
		Debug|Any CPU = Debug|Any CPU
		Release|Any CPU = Release|Any CPU
	EndGlobalSection
	GlobalSection(ProjectConfigurationPlatforms) = postSolution
		{00F9D4B6-F39C-4C83-BAF6-FB9730524416}.Debug|Any CPU.ActiveCfg = Debug|Any CPU
		{00F9D4B6-F39C-4C83-BAF6-FB9730524416}.Debug|Any CPU.Build.0 = Debug|Any CPU
		{00F9D4B6-F39C-4C83-BAF6-FB9730524416}.Release|Any CPU.ActiveCfg = Release|Any CPU
		{00F9D4B6-F39C-4C83-BAF6-FB9730524416}.Release|Any CPU.Build.0 = Release|Any CPU
		{8B8161BD-B865-46B0-9018-E0F868A28402}.Debug|Any CPU.ActiveCfg = Debug|Any CPU
		{8B8161BD-B865-46B0-9018-E0F868A28402}.Debug|Any CPU.Build.0 = Debug|Any CPU
		{8B8161BD-B865-46B0-9018-E0F868A28402}.Release|Any CPU.ActiveCfg = Release|Any CPU
		{8B8161BD-B865-46B0-9018-E0F868A28402}.Release|Any CPU.Build.0 = Release|Any CPU
	EndGlobalSection
	GlobalSection(SolutionProperties) = preSolution
		HideSolutionNode = FALSE
	EndGlobalSection
EndGlobal
